
Microsoft Visual Studio Solution File, Format Version 12.00
# Visual Studio Version 16
VisualStudioVersion = 16.6.30114.105
MinimumVisualStudioVersion = 10.0.40219.1
Project("{FAE04EC0-301F-11D3-BF4B-00C04F79EFBC}") = "PizzaBox.Client", "PizzaBox.Client\PizzaBox.Client.csproj", "{7B8111A6-0588-4D5D-B64E-07D7D0FDAFD4}"
EndProject
Project("{FAE04EC0-301F-11D3-BF4B-00C04F79EFBC}") = "PizzaBox.Domain", "PizzaBox.Domain\PizzaBox.Domain.csproj", "{27CA4043-6257-439B-A1B0-300763A39C87}"
EndProject
Project("{FAE04EC0-301F-11D3-BF4B-00C04F79EFBC}") = "PizzaBox.Storing", "PizzaBox.Storing\PizzaBox.Storing.csproj", "{FC529A21-1D58-4DE2-9894-DEA2A58065E0}"
EndProject
Project("{FAE04EC0-301F-11D3-BF4B-00C04F79EFBC}") = "PizzaBox.Testing", "PizzaBox.Testing\PizzaBox.Testing.csproj", "{06639834-35F4-4A0C-B575-6D2D759499B1}"
EndProject
Global
	GlobalSection(SolutionConfigurationPlatforms) = preSolution
		Debug|Any CPU = Debug|Any CPU
		Debug|x64 = Debug|x64
		Debug|x86 = Debug|x86
		Release|Any CPU = Release|Any CPU
		Release|x64 = Release|x64
		Release|x86 = Release|x86
	EndGlobalSection
	GlobalSection(SolutionProperties) = preSolution
		HideSolutionNode = FALSE
	EndGlobalSection
	GlobalSection(ProjectConfigurationPlatforms) = postSolution
		{7B8111A6-0588-4D5D-B64E-07D7D0FDAFD4}.Debug|Any CPU.ActiveCfg = Debug|Any CPU
		{7B8111A6-0588-4D5D-B64E-07D7D0FDAFD4}.Debug|Any CPU.Build.0 = Debug|Any CPU
		{7B8111A6-0588-4D5D-B64E-07D7D0FDAFD4}.Debug|x64.ActiveCfg = Debug|Any CPU
		{7B8111A6-0588-4D5D-B64E-07D7D0FDAFD4}.Debug|x64.Build.0 = Debug|Any CPU
		{7B8111A6-0588-4D5D-B64E-07D7D0FDAFD4}.Debug|x86.ActiveCfg = Debug|Any CPU
		{7B8111A6-0588-4D5D-B64E-07D7D0FDAFD4}.Debug|x86.Build.0 = Debug|Any CPU
		{7B8111A6-0588-4D5D-B64E-07D7D0FDAFD4}.Release|Any CPU.ActiveCfg = Release|Any CPU
		{7B8111A6-0588-4D5D-B64E-07D7D0FDAFD4}.Release|Any CPU.Build.0 = Release|Any CPU
		{7B8111A6-0588-4D5D-B64E-07D7D0FDAFD4}.Release|x64.ActiveCfg = Release|Any CPU
		{7B8111A6-0588-4D5D-B64E-07D7D0FDAFD4}.Release|x64.Build.0 = Release|Any CPU
		{7B8111A6-0588-4D5D-B64E-07D7D0FDAFD4}.Release|x86.ActiveCfg = Release|Any CPU
		{7B8111A6-0588-4D5D-B64E-07D7D0FDAFD4}.Release|x86.Build.0 = Release|Any CPU
		{27CA4043-6257-439B-A1B0-300763A39C87}.Debug|Any CPU.ActiveCfg = Debug|Any CPU
		{27CA4043-6257-439B-A1B0-300763A39C87}.Debug|Any CPU.Build.0 = Debug|Any CPU
		{27CA4043-6257-439B-A1B0-300763A39C87}.Debug|x64.ActiveCfg = Debug|Any CPU
		{27CA4043-6257-439B-A1B0-300763A39C87}.Debug|x64.Build.0 = Debug|Any CPU
		{27CA4043-6257-439B-A1B0-300763A39C87}.Debug|x86.ActiveCfg = Debug|Any CPU
		{27CA4043-6257-439B-A1B0-300763A39C87}.Debug|x86.Build.0 = Debug|Any CPU
		{27CA4043-6257-439B-A1B0-300763A39C87}.Release|Any CPU.ActiveCfg = Release|Any CPU
		{27CA4043-6257-439B-A1B0-300763A39C87}.Release|Any CPU.Build.0 = Release|Any CPU
		{27CA4043-6257-439B-A1B0-300763A39C87}.Release|x64.ActiveCfg = Release|Any CPU
		{27CA4043-6257-439B-A1B0-300763A39C87}.Release|x64.Build.0 = Release|Any CPU
		{27CA4043-6257-439B-A1B0-300763A39C87}.Release|x86.ActiveCfg = Release|Any CPU
		{27CA4043-6257-439B-A1B0-300763A39C87}.Release|x86.Build.0 = Release|Any CPU
		{FC529A21-1D58-4DE2-9894-DEA2A58065E0}.Debug|Any CPU.ActiveCfg = Debug|Any CPU
		{FC529A21-1D58-4DE2-9894-DEA2A58065E0}.Debug|Any CPU.Build.0 = Debug|Any CPU
		{FC529A21-1D58-4DE2-9894-DEA2A58065E0}.Debug|x64.ActiveCfg = Debug|Any CPU
		{FC529A21-1D58-4DE2-9894-DEA2A58065E0}.Debug|x64.Build.0 = Debug|Any CPU
		{FC529A21-1D58-4DE2-9894-DEA2A58065E0}.Debug|x86.ActiveCfg = Debug|Any CPU
		{FC529A21-1D58-4DE2-9894-DEA2A58065E0}.Debug|x86.Build.0 = Debug|Any CPU
		{FC529A21-1D58-4DE2-9894-DEA2A58065E0}.Release|Any CPU.ActiveCfg = Release|Any CPU
		{FC529A21-1D58-4DE2-9894-DEA2A58065E0}.Release|Any CPU.Build.0 = Release|Any CPU
		{FC529A21-1D58-4DE2-9894-DEA2A58065E0}.Release|x64.ActiveCfg = Release|Any CPU
		{FC529A21-1D58-4DE2-9894-DEA2A58065E0}.Release|x64.Build.0 = Release|Any CPU
		{FC529A21-1D58-4DE2-9894-DEA2A58065E0}.Release|x86.ActiveCfg = Release|Any CPU
		{FC529A21-1D58-4DE2-9894-DEA2A58065E0}.Release|x86.Build.0 = Release|Any CPU
		{06639834-35F4-4A0C-B575-6D2D759499B1}.Debug|Any CPU.ActiveCfg = Debug|Any CPU
		{06639834-35F4-4A0C-B575-6D2D759499B1}.Debug|Any CPU.Build.0 = Debug|Any CPU
		{06639834-35F4-4A0C-B575-6D2D759499B1}.Debug|x64.ActiveCfg = Debug|Any CPU
		{06639834-35F4-4A0C-B575-6D2D759499B1}.Debug|x64.Build.0 = Debug|Any CPU
		{06639834-35F4-4A0C-B575-6D2D759499B1}.Debug|x86.ActiveCfg = Debug|Any CPU
		{06639834-35F4-4A0C-B575-6D2D759499B1}.Debug|x86.Build.0 = Debug|Any CPU
		{06639834-35F4-4A0C-B575-6D2D759499B1}.Release|Any CPU.ActiveCfg = Release|Any CPU
		{06639834-35F4-4A0C-B575-6D2D759499B1}.Release|Any CPU.Build.0 = Release|Any CPU
		{06639834-35F4-4A0C-B575-6D2D759499B1}.Release|x64.ActiveCfg = Release|Any CPU
		{06639834-35F4-4A0C-B575-6D2D759499B1}.Release|x64.Build.0 = Release|Any CPU
		{06639834-35F4-4A0C-B575-6D2D759499B1}.Release|x86.ActiveCfg = Release|Any CPU
		{06639834-35F4-4A0C-B575-6D2D759499B1}.Release|x86.Build.0 = Release|Any CPU
	EndGlobalSection
EndGlobal
